
Microsoft Visual Studio Solution File, Format Version 12.00
# Visual Studio Version 17
VisualStudioVersion = 17.9.34728.123
MinimumVisualStudioVersion = 10.0.40219.1
Project("{FAE04EC0-301F-11D3-BF4B-00C04F79EFBC}") = "PruebaClase", "PruebaClase\PruebaClase.csproj", "{66D68A23-85C3-4670-87DA-6A71D431DF02}"
EndProject
Global
	GlobalSection(SolutionConfigurationPlatforms) = preSolution
		Debug|Any CPU = Debug|Any CPU
		Release|Any CPU = Release|Any CPU
	EndGlobalSection
	GlobalSection(ProjectConfigurationPlatforms) = postSolution
		{66D68A23-85C3-4670-87DA-6A71D431DF02}.Debug|Any CPU.ActiveCfg = Debug|Any CPU
		{66D68A23-85C3-4670-87DA-6A71D431DF02}.Debug|Any CPU.Build.0 = Debug|Any CPU
		{66D68A23-85C3-4670-87DA-6A71D431DF02}.Release|Any CPU.ActiveCfg = Release|Any CPU
		{66D68A23-85C3-4670-87DA-6A71D431DF02}.Release|Any CPU.Build.0 = Release|Any CPU
	EndGlobalSection
	GlobalSection(SolutionProperties) = preSolution
		HideSolutionNode = FALSE
	EndGlobalSection
	GlobalSection(ExtensibilityGlobals) = postSolution
		SolutionGuid = {C6DFD68F-362E-4D2C-ABE1-081DC79E7EEE}
	EndGlobalSection
EndGlobal
